schema: '2.0'
stages:
  train:
    cmd: python src/train.py ./data/ ./models/model.pkl
    deps:
    - path: ./data/train.pkl
      md5: aded63c3d28a53d952ebad6d207b00dd
      size: 1198746
    - path: ./src/train.py
      md5: 86a5f3b7def7f5c3ecd22452b798ab5b
      size: 1087
    params:
      params.yaml:
        train.min_split: 75
        train.n_est: 400
        train.seed: 20210428
    outs:
    - path: ./models/model.pkl
      md5: 18193a07d39b08b7ad11a16ad4bd09fa
      size: 1227782280
  evaluate:
    cmd: python src/evaluate.py ./models/model.pkl ./data scores.json prc.json roc.json
    deps:
    - path: ./data
      md5: 4ea886188fa2596c8a6d721b22757cad.dir
      size: 3865408
      nfiles: 14
    - path: ./models/model.pkl
      md5: 18193a07d39b08b7ad11a16ad4bd09fa
      size: 1227782280
    - path: src/evaluate.py
      md5: 3375f034df016180f23d42bc67660205
      size: 1843
    outs:
    - path: prc.json
      md5: be72f7a532e93dc7cb3fc82405dc79fe
      size: 133783
    - path: roc.json
      md5: c9dbdd48eb68f78b388472fc444c39f8
      size: 384845
    - path: scores.json
      md5: e2003d68c1e5b6583858ae547271683c
      size: 72
