schema: '2.0'
stages:
  train:
    cmd: python train.py
    deps:
    - path: data/MNIST
      md5: 563f931b5aa3d66aaee35ca9ea59ff3e.dir
      size: 66544770
      nfiles: 8
    - path: train.py
      md5: 522c0121df4095b0abe1315ef2d32c29
      size: 3745
    params:
      params.yaml:
        lr: 0.005
        seed: 473987
        weight_decay: 3
    outs:
    - path: model.pt
      md5: 108861c9e189a0550abd22b5bc2e787a
      size: 410191
    - path: predictions.json
      md5: bb1e5236115b03ba4383e9978ce2afaf
      size: 310000
    - path: results.json
      md5: 9fdac3b03bd0ce5cf55e368fdc85bd0a
      size: 52
