schema: '2.0'
stages:
  train:
    cmd: python src/train.py ./data/ ./models/model.pkl
    deps:
    - path: ./data/train.pkl
      md5: aded63c3d28a53d952ebad6d207b00dd
      size: 1198746
    - path: ./src/train.py
      md5: bdc3fe9dc24e35b4bb445ab0d9b2ff80
      size: 968
    params:
      params.yaml:
        train.min_split: 28
        train.n_est: 350
        train.seed: 20210428
    outs:
    - path: ./models/model.pkl
      md5: e83de48598ffb7394f16a2afefa2c3c4
      size: 2725026714
  evaluate:
    cmd: python src/evaluate.py ./models/model.pkl ./data scores.json prc.json roc.json
    deps:
    - path: ./data
      md5: 043a519ace570e67a7c9b48f481cc582.dir
      size: 8668797
      nfiles: 22
    - path: ./models/model.pkl
      md5: e83de48598ffb7394f16a2afefa2c3c4
      size: 2725026714
    - path: src/evaluate.py
      md5: 1e5df3794d5a991754a31274e1ba7ebe
      size: 1842
    outs:
    - path: prc.json
      md5: 5825c31ef79a071d598538c22694f269
      size: 134280
    - path: roc.json
      md5: e0bbafd01467124be67bf4cd7417165f
      size: 376561
    - path: scores.json
      md5: e1d931f34172afe64512b04ac933f0a7
      size: 73
